// !$*UTF8*$!
{
	archiveVersion = 1;
	classes = {
	};
	objectVersion = 55;
	objects = {

/* Begin PBXBuildFile section */
		4BA394C12949B332006AE432 /* AppDelegate.swift in Sources */ = {isa = PBXBuildFile; fileRef = 4BA394C02949B332006AE432 /* AppDelegate.swift */; };
		4BA394C32949B332006AE432 /* SceneDelegate.swift in Sources */ = {isa = PBXBuildFile; fileRef = 4BA394C22949B332006AE432 /* SceneDelegate.swift */; };
		4BA394C52949B332006AE432 /* ViewController.swift in Sources */ = {isa = PBXBuildFile; fileRef = 4BA394C42949B332006AE432 /* ViewController.swift */; };
		4BA394C82949B332006AE432 /* Main.storyboard in Resources */ = {isa = PBXBuildFile; fileRef = 4BA394C62949B332006AE432 /* Main.storyboard */; };
		4BA394CA2949B332006AE432 /* Assets.xcassets in Resources */ = {isa = PBXBuildFile; fileRef = 4BA394C92949B332006AE432 /* Assets.xcassets */; };
		4BA394CD2949B332006AE432 /* LaunchScreen.storyboard in Resources */ = {isa = PBXBuildFile; fileRef = 4BA394CB2949B332006AE432 /* LaunchScreen.storyboard */; };
		4BA395142949D5A0006AE432 /* AppClipApp.swift in Sources */ = {isa = PBXBuildFile; fileRef = 4BA395132949D5A0006AE432 /* AppClipApp.swift */; };
		4BA395162949D5A0006AE432 /* ContentView.swift in Sources */ = {isa = PBXBuildFile; fileRef = 4BA395152949D5A0006AE432 /* ContentView.swift */; };
		4BA395182949D5A0006AE432 /* Assets.xcassets in Resources */ = {isa = PBXBuildFile; fileRef = 4BA395172949D5A0006AE432 /* Assets.xcassets */; };
		4BA3951B2949D5A0006AE432 /* Preview Assets.xcassets in Resources */ = {isa = PBXBuildFile; fileRef = 4BA3951A2949D5A0006AE432 /* Preview Assets.xcassets */; };
		4BA395202949D5A0006AE432 /* AppClip.app in Embed App Clips */ = {isa = PBXBuildFile; fileRef = 4BA395112949D5A0006AE432 /* AppClip.app */; settings = {ATTRIBUTES = (RemoveHeadersOnCopy, ); }; };
/* End PBXBuildFile section */

/* Begin PBXContainerItemProxy section */
		4BA3951E2949D5A0006AE432 /* PBXContainerItemProxy */ = {
			isa = PBXContainerItemProxy;
			containerPortal = 4BA394B52949B332006AE432 /* Project object */;
			proxyType = 1;
			remoteGlobalIDString = 4BA395102949D5A0006AE432;
			remoteInfo = AppClip;
		};
/* End PBXContainerItemProxy section */

/* Begin PBXCopyFilesBuildPhase section */
		4BA394F02949B44E006AE432 /* Embed App Clips */ = {
			isa = PBXCopyFilesBuildPhase;
			buildActionMask = 2147483647;
			dstPath = "$(CONTENTS_FOLDER_PATH)/AppClips";
			dstSubfolderSpec = 16;
			files = (
				4BA395202949D5A0006AE432 /* AppClip.app in Embed App Clips */,
			);
			name = "Embed App Clips";
			runOnlyForDeploymentPostprocessing = 0;
		};
/* End PBXCopyFilesBuildPhase section */

/* Begin PBXFileReference section */
		4BA394BD2949B332006AE432 /* AppClipDemo.app */ = {isa = PBXFileReference; explicitFileType = wrapper.application; includeInIndex = 0; path = AppClipDemo.app; sourceTree = BUILT_PRODUCTS_DIR; };
		4BA394C02949B332006AE432 /* AppDelegate.swift */ = {isa = PBXFileReference; lastKnownFileType = sourcecode.swift; path = AppDelegate.swift; sourceTree = "<group>"; };
		4BA394C22949B332006AE432 /* SceneDelegate.swift */ = {isa = PBXFileReference; lastKnownFileType = sourcecode.swift; path = SceneDelegate.swift; sourceTree = "<group>"; };
		4BA394C42949B332006AE432 /* ViewController.swift */ = {isa = PBXFileReference; lastKnownFileType = sourcecode.swift; path = ViewController.swift; sourceTree = "<group>"; };
		4BA394C72949B332006AE432 /* Base */ = {isa = PBXFileReference; lastKnownFileType = file.storyboard; name = Base; path = Base.lproj/Main.storyboard; sourceTree = "<group>"; };
		4BA394C92949B332006AE432 /* Assets.xcassets */ = {isa = PBXFileReference; lastKnownFileType = folder.assetcatalog; path = Assets.xcassets; sourceTree = "<group>"; };
		4BA394CC2949B332006AE432 /* Base */ = {isa = PBXFileReference; lastKnownFileType = file.storyboard; name = Base; path = Base.lproj/LaunchScreen.storyboard; sourceTree = "<group>"; };
		4BA394CE2949B332006AE432 /* Info.plist */ = {isa = PBXFileReference; lastKnownFileType = text.plist.xml; path = Info.plist; sourceTree = "<group>"; };
		4BA395112949D5A0006AE432 /* AppClip.app */ = {isa = PBXFileReference; explicitFileType = wrapper.application; includeInIndex = 0; path = AppClip.app; sourceTree = BUILT_PRODUCTS_DIR; };
		4BA395132949D5A0006AE432 /* AppClipApp.swift */ = {isa = PBXFileReference; lastKnownFileType = sourcecode.swift; path = AppClipApp.swift; sourceTree = "<group>"; };
		4BA395152949D5A0006AE432 /* ContentView.swift */ = {isa = PBXFileReference; lastKnownFileType = sourcecode.swift; path = ContentView.swift; sourceTree = "<group>"; };
		4BA395172949D5A0006AE432 /* Assets.xcassets */ = {isa = PBXFileReference; lastKnownFileType = folder.assetcatalog; path = Assets.xcassets; sourceTree = "<group>"; };
		4BA3951A2949D5A0006AE432 /* Preview Assets.xcassets */ = {isa = PBXFileReference; lastKnownFileType = folder.assetcatalog; path = "Preview Assets.xcassets"; sourceTree = "<group>"; };
		4BA3951C2949D5A0006AE432 /* Info.plist */ = {isa = PBXFileReference; lastKnownFileType = text.plist.xml; path = Info.plist; sourceTree = "<group>"; };
		4BA3951D2949D5A0006AE432 /* AppClip.entitlements */ = {isa = PBXFileReference; lastKnownFileType = text.plist.entitlements; path = AppClip.entitlements; sourceTree = "<group>"; };
		4BA395242949D5DA006AE432 /* AppClipDemo.entitlements */ = {isa = PBXFileReference; lastKnownFileType = text.plist.entitlements; path = AppClipDemo.entitlements; sourceTree = "<group>"; };
/* End PBXFileReference section */

/* Begin PBXFrameworksBuildPhase section */
		4BA394BA2949B332006AE432 /* Frameworks */ = {
			isa = PBXFrameworksBuildPhase;
			buildActionMask = 2147483647;
			files = (
			);
			runOnlyForDeploymentPostprocessing = 0;
		};
		4BA3950E2949D5A0006AE432 /* Frameworks */ = {
			isa = PBXFrameworksBuildPhase;
			buildActionMask = 2147483647;
			files = (
			);
			runOnlyForDeploymentPostprocessing = 0;
		};
/* End PBXFrameworksBuildPhase section */

/* Begin PBXGroup section */
		4BA394B42949B332006AE432 = {
			isa = PBXGroup;
			children = (
				4BA394BF2949B332006AE432 /* AppClipDemo */,
				4BA395122949D5A0006AE432 /* AppClip */,
				4BA394BE2949B332006AE432 /* Products */,
			);
			sourceTree = "<group>";
		};
		4BA394BE2949B332006AE432 /* Products */ = {
			isa = PBXGroup;
			children = (
				4BA394BD2949B332006AE432 /* AppClipDemo.app */,
				4BA395112949D5A0006AE432 /* AppClip.app */,
			);
			name = Products;
			sourceTree = "<group>";
		};
		4BA394BF2949B332006AE432 /* AppClipDemo */ = {
			isa = PBXGroup;
			children = (
				4BA395242949D5DA006AE432 /* AppClipDemo.entitlements */,
				4BA394C02949B332006AE432 /* AppDelegate.swift */,
				4BA394C22949B332006AE432 /* SceneDelegate.swift */,
				4BA394C42949B332006AE432 /* ViewController.swift */,
				4BA394C62949B332006AE432 /* Main.storyboard */,
				4BA394C92949B332006AE432 /* Assets.xcassets */,
				4BA394CB2949B332006AE432 /* LaunchScreen.storyboard */,
				4BA394CE2949B332006AE432 /* Info.plist */,
			);
			path = AppClipDemo;
			sourceTree = "<group>";
		};
		4BA395122949D5A0006AE432 /* AppClip */ = {
			isa = PBXGroup;
			children = (
				4BA395132949D5A0006AE432 /* AppClipApp.swift */,
				4BA395152949D5A0006AE432 /* ContentView.swift */,
				4BA395172949D5A0006AE432 /* Assets.xcassets */,
				4BA3951C2949D5A0006AE432 /* Info.plist */,
				4BA3951D2949D5A0006AE432 /* AppClip.entitlements */,
				4BA395192949D5A0006AE432 /* Preview Content */,
			);
			path = AppClip;
			sourceTree = "<group>";
		};
		4BA395192949D5A0006AE432 /* Preview Content */ = {
			isa = PBXGroup;
			children = (
				4BA3951A2949D5A0006AE432 /* Preview Assets.xcassets */,
			);
			path = "Preview Content";
			sourceTree = "<group>";
		};
/* End PBXGroup section */

/* Begin PBXNativeTarget section */
		4BA394BC2949B332006AE432 /* AppClipDemo */ = {
			isa = PBXNativeTarget;
			buildConfigurationList = 4BA394D12949B332006AE432 /* Build configuration list for PBXNativeTarget "AppClipDemo" */;
			buildPhases = (
				4BA394B92949B332006AE432 /* Sources */,
				4BA394BA2949B332006AE432 /* Frameworks */,
				4BA394BB2949B332006AE432 /* Resources */,
				4BA394F02949B44E006AE432 /* Embed App Clips */,
			);
			buildRules = (
			);
			dependencies = (
				4BA3951F2949D5A0006AE432 /* PBXTargetDependency */,
			);
			name = AppClipDemo;
			productName = AppClipDemo;
			productReference = 4BA394BD2949B332006AE432 /* AppClipDemo.app */;
			productType = "com.apple.product-type.application";
		};
		4BA395102949D5A0006AE432 /* AppClip */ = {
			isa = PBXNativeTarget;
			buildConfigurationList = 4BA395212949D5A1006AE432 /* Build configuration list for PBXNativeTarget "AppClip" */;
			buildPhases = (
				4BA3950D2949D5A0006AE432 /* Sources */,
				4BA3950E2949D5A0006AE432 /* Frameworks */,
				4BA3950F2949D5A0006AE432 /* Resources */,
			);
			buildRules = (
			);
			dependencies = (
			);
			name = AppClip;
			productName = AppClip;
			productReference = 4BA395112949D5A0006AE432 /* AppClip.app */;
			productType = "com.apple.product-type.application.on-demand-install-capable";
		};
/* End PBXNativeTarget section */

/* Begin PBXProject section */
		4BA394B52949B332006AE432 /* Project object */ = {
			isa = PBXProject;
			attributes = {
				BuildIndependentTargetsInParallel = 1;
				LastSwiftUpdateCheck = 1340;
				LastUpgradeCheck = 1340;
				TargetAttributes = {
					4BA394BC2949B332006AE432 = {
						CreatedOnToolsVersion = 13.4.1;
					};
					4BA395102949D5A0006AE432 = {
						CreatedOnToolsVersion = 13.4.1;
					};
				};
			};
			buildConfigurationList = 4BA394B82949B332006AE432 /* Build configuration list for PBXProject "AppClipDemo" */;
			compatibilityVersion = "Xcode 13.0";
			developmentRegion = en;
			hasScannedForEncodings = 0;
			knownRegions = (
				en,
				Base,
			);
			mainGroup = 4BA394B42949B332006AE432;
			productRefGroup = 4BA394BE2949B332006AE432 /* Products */;
			projectDirPath = "";
			projectRoot = "";
			targets = (
				4BA394BC2949B332006AE432 /* AppClipDemo */,
				4BA395102949D5A0006AE432 /* AppClip */,
			);
		};
/* End PBXProject section */

/* Begin PBXResourcesBuildPhase section */
		4BA394BB2949B332006AE432 /* Resources */ = {
			isa = PBXResourcesBuildPhase;
			buildActionMask = 2147483647;
			files = (
				4BA394CD2949B332006AE432 /* LaunchScreen.storyboard in Resources */,
				4BA394CA2949B332006AE432 /* Assets.xcassets in Resources */,
				4BA394C82949B332006AE432 /* Main.storyboard in Resources */,
			);
			runOnlyForDeploymentPostprocessing = 0;
		};
		4BA3950F2949D5A0006AE432 /* Resources */ = {
			isa = PBXResourcesBuildPhase;
			buildActionMask = 2147483647;
			files = (
				4BA3951B2949D5A0006AE432 /* Preview Assets.xcassets in Resources */,
				4BA395182949D5A0006AE432 /* Assets.xcassets in Resources */,
			);
			runOnlyForDeploymentPostprocessing = 0;
		};
/* End PBXResourcesBuildPhase section */

/* Begin PBXSourcesBuildPhase section */
		4BA394B92949B332006AE432 /* Sources */ = {
			isa = PBXSourcesBuildPhase;
			buildActionMask = 2147483647;
			files = (
				4BA394C52949B332006AE432 /* ViewController.swift in Sources */,
				4BA394C12949B332006AE432 /* AppDelegate.swift in Sources */,
				4BA394C32949B332006AE432 /* SceneDelegate.swift in Sources */,
			);
			runOnlyForDeploymentPostprocessing = 0;
		};
		4BA3950D2949D5A0006AE432 /* Sources */ = {
			isa = PBXSourcesBuildPhase;
			buildActionMask = 2147483647;
			files = (
				4BA395162949D5A0006AE432 /* ContentView.swift in Sources */,
				4BA395142949D5A0006AE432 /* AppClipApp.swift in Sources */,
			);
			runOnlyForDeploymentPostprocessing = 0;
		};
/* End PBXSourcesBuildPhase section */

/* Begin PBXTargetDependency section */
		4BA3951F2949D5A0006AE432 /* PBXTargetDependency */ = {
			isa = PBXTargetDependency;
			target = 4BA395102949D5A0006AE432 /* AppClip */;
			targetProxy = 4BA3951E2949D5A0006AE432 /* PBXContainerItemProxy */;
		};
/* End PBXTargetDependency section */

/* Begin PBXVariantGroup section */
		4BA394C62949B332006AE432 /* Main.storyboard */ = {
			isa = PBXVariantGroup;
			children = (
				4BA394C72949B332006AE432 /* Base */,
			);
			name = Main.storyboard;
			sourceTree = "<group>";
		};
		4BA394CB2949B332006AE432 /* LaunchScreen.storyboard */ = {
			isa = PBXVariantGroup;
			children = (
				4BA394CC2949B332006AE432 /* Base */,
			);
			name = LaunchScreen.storyboard;
			sourceTree = "<group>";
		};
/* End PBXVariantGroup section */

/* Begin XCBuildConfiguration section */
		4BA394CF2949B332006AE432 /* Debug */ = {
			isa = XCBuildConfiguration;
			buildSettings = {
				ALWAYS_SEARCH_USER_PATHS = NO;
				CLANG_ANALYZER_NONNULL = YES;
				CLANG_ANALYZER_NUMBER_OBJECT_CONVERSION = YES_AGGRESSIVE;
				CLANG_CXX_LANGUAGE_STANDARD = "gnu++17";
				CLANG_ENABLE_MODULES = YES;
				CLANG_ENABLE_OBJC_ARC = YES;
				CLANG_ENABLE_OBJC_WEAK = YES;
				CLANG_WARN_BLOCK_CAPTURE_AUTORELEASING = YES;
				CLANG_WARN_BOOL_CONVERSION = YES;
				CLANG_WARN_COMMA = YES;
				CLANG_WARN_CONSTANT_CONVERSION = YES;
				CLANG_WARN_DEPRECATED_OBJC_IMPLEMENTATIONS = YES;
				CLANG_WARN_DIRECT_OBJC_ISA_USAGE = YES_ERROR;
				CLANG_WARN_DOCUMENTATION_COMMENTS = YES;
				CLANG_WARN_EMPTY_BODY = YES;
				CLANG_WARN_ENUM_CONVERSION = YES;
				CLANG_WARN_INFINITE_RECURSION = YES;
				CLANG_WARN_INT_CONVERSION = YES;
				CLANG_WARN_NON_LITERAL_NULL_CONVERSION = YES;
				CLANG_WARN_OBJC_IMPLICIT_RETAIN_SELF = YES;
				CLANG_WARN_OBJC_LITERAL_CONVERSION = YES;
				CLANG_WARN_OBJC_ROOT_CLASS = YES_ERROR;
				CLANG_WARN_QUOTED_INCLUDE_IN_FRAMEWORK_HEADER = YES;
				CLANG_WARN_RANGE_LOOP_ANALYSIS = YES;
				CLANG_WARN_STRICT_PROTOTYPES = YES;
				CLANG_WARN_SUSPICIOUS_MOVE = YES;
				CLANG_WARN_UNGUARDED_AVAILABILITY = YES_AGGRESSIVE;
				CLANG_WARN_UNREACHABLE_CODE = YES;
				CLANG_WARN__DUPLICATE_METHOD_MATCH = YES;
				COPY_PHASE_STRIP = NO;
				DEBUG_INFORMATION_FORMAT = dwarf;
				ENABLE_STRICT_OBJC_MSGSEND = YES;
				ENABLE_TESTABILITY = YES;
				GCC_C_LANGUAGE_STANDARD = gnu11;
				GCC_DYNAMIC_NO_PIC = NO;
				GCC_NO_COMMON_BLOCKS = YES;
				GCC_OPTIMIZATION_LEVEL = 0;
				GCC_PREPROCESSOR_DEFINITIONS = (
					"DEBUG=1",
					"$(inherited)",
				);
				GCC_WARN_64_TO_32_BIT_CONVERSION = YES;
				GCC_WARN_ABOUT_RETURN_TYPE = YES_ERROR;
				GCC_WARN_UNDECLARED_SELECTOR = YES;
				GCC_WARN_UNINITIALIZED_AUTOS = YES_AGGRESSIVE;
				GCC_WARN_UNUSED_FUNCTION = YES;
				GCC_WARN_UNUSED_VARIABLE = YES;
				IPHONEOS_DEPLOYMENT_TARGET = 15.5;
				MTL_ENABLE_DEBUG_INFO = INCLUDE_SOURCE;
				MTL_FAST_MATH = YES;
				ONLY_ACTIVE_ARCH = YES;
				SDKROOT = iphoneos;
				SWIFT_ACTIVE_COMPILATION_CONDITIONS = DEBUG;
				SWIFT_OPTIMIZATION_LEVEL = "-Onone";
			};
			name = Debug;
		};
		4BA394D02949B332006AE432 /* Release */ = {
			isa = XCBuildConfiguration;
			buildSettings = {
				ALWAYS_SEARCH_USER_PATHS = NO;
				CLANG_ANALYZER_NONNULL = YES;
				CLANG_ANALYZER_NUMBER_OBJECT_CONVERSION = YES_AGGRESSIVE;
				CLANG_CXX_LANGUAGE_STANDARD = "gnu++17";
				CLANG_ENABLE_MODULES = YES;
				CLANG_ENABLE_OBJC_ARC = YES;
				CLANG_ENABLE_OBJC_WEAK = YES;
				CLANG_WARN_BLOCK_CAPTURE_AUTORELEASING = YES;
				CLANG_WARN_BOOL_CONVERSION = YES;
				CLANG_WARN_COMMA = YES;
				CLANG_WARN_CONSTANT_CONVERSION = YES;
				CLANG_WARN_DEPRECATED_OBJC_IMPLEMENTATIONS = YES;
				CLANG_WARN_DIRECT_OBJC_ISA_USAGE = YES_ERROR;
				CLANG_WARN_DOCUMENTATION_COMMENTS = YES;
				CLANG_WARN_EMPTY_BODY = YES;
				CLANG_WARN_ENUM_CONVERSION = YES;
				CLANG_WARN_INFINITE_RECURSION = YES;
				CLANG_WARN_INT_CONVERSION = YES;
				CLANG_WARN_NON_LITERAL_NULL_CONVERSION = YES;
				CLANG_WARN_OBJC_IMPLICIT_RETAIN_SELF = YES;
				CLANG_WARN_OBJC_LITERAL_CONVERSION = YES;
				CLANG_WARN_OBJC_ROOT_CLASS = YES_ERROR;
				CLANG_WARN_QUOTED_INCLUDE_IN_FRAMEWORK_HEADER = YES;
				CLANG_WARN_RANGE_LOOP_ANALYSIS = YES;
				CLANG_WARN_STRICT_PROTOTYPES = YES;
				CLANG_WARN_SUSPICIOUS_MOVE = YES;
				CLANG_WARN_UNGUARDED_AVAILABILITY = YES_AGGRESSIVE;
				CLANG_WARN_UNREACHABLE_CODE = YES;
				CLANG_WARN__DUPLICATE_METHOD_MATCH = YES;
				COPY_PHASE_STRIP = NO;
				DEBUG_INFORMATION_FORMAT = "dwarf-with-dsym";
				ENABLE_NS_ASSERTIONS = NO;
				ENABLE_STRICT_OBJC_MSGSEND = YES;
				GCC_C_LANGUAGE_STANDARD = gnu11;
				GCC_NO_COMMON_BLOCKS = YES;
				GCC_WARN_64_TO_32_BIT_CONVERSION = YES;
				GCC_WARN_ABOUT_RETURN_TYPE = YES_ERROR;
				GCC_WARN_UNDECLARED_SELECTOR = YES;
				GCC_WARN_UNINITIALIZED_AUTOS = YES_AGGRESSIVE;
				GCC_WARN_UNUSED_FUNCTION = YES;
				GCC_WARN_UNUSED_VARIABLE = YES;
				IPHONEOS_DEPLOYMENT_TARGET = 15.5;
				MTL_ENABLE_DEBUG_INFO = NO;
				MTL_FAST_MATH = YES;
				SDKROOT = iphoneos;
				SWIFT_COMPILATION_MODE = wholemodule;
				SWIFT_OPTIMIZATION_LEVEL = "-O";
				VALIDATE_PRODUCT = YES;
			};
			name = Release;
		};
		4BA394D22949B332006AE432 /* Debug */ = {
			isa = XCBuildConfiguration;
			buildSettings = {
				ALWAYS_EMBED_SWIFT_STANDARD_LIBRARIES = YES;
				ASSETCATALOG_COMPILER_APPICON_NAME = AppIcon;
				ASSETCATALOG_COMPILER_GLOBAL_ACCENT_COLOR_NAME = AccentColor;
				CODE_SIGN_ENTITLEMENTS = AppClipDemo/AppClipDemo.entitlements;
				CODE_SIGN_STYLE = Automatic;
				CURRENT_PROJECT_VERSION = 1;
				DEVELOPMENT_TEAM = S6KXDQ3765;
				GENERATE_INFOPLIST_FILE = YES;
				INFOPLIST_FILE = AppClipDemo/Info.plist;
				INFOPLIST_KEY_UIApplicationSupportsIndirectInputEvents = YES;
				INFOPLIST_KEY_UILaunchStoryboardName = LaunchScreen;
				INFOPLIST_KEY_UIMainStoryboardFile = Main;
				INFOPLIST_KEY_UISupportedInterfaceOrientations_iPad = "UIInterfaceOrientationPortrait UIInterfaceOrientationPortraitUpsideDown UIInterfaceOrientationLandscapeLeft UIInterfaceOrientationLandscapeRight";
				INFOPLIST_KEY_UISupportedInterfaceOrientations_iPhone = "UIInterfaceOrientationPortrait UIInterfaceOrientationLandscapeLeft UIInterfaceOrientationLandscapeRight";
				LD_RUNPATH_SEARCH_PATHS = (
					"$(inherited)",
					"@executable_path/Frameworks",
				);
				MARKETING_VERSION = 1.0;
				PRODUCT_BUNDLE_IDENTIFIER = "com.b-In-touch.app";
				PRODUCT_NAME = "$(TARGET_NAME)";
				SWIFT_EMIT_LOC_STRINGS = YES;
				SWIFT_VERSION = 5.0;
				TARGETED_DEVICE_FAMILY = "1,2";
			};
			name = Debug;
		};
		4BA394D32949B332006AE432 /* Release */ = {
			isa = XCBuildConfiguration;
			buildSettings = {
				ALWAYS_EMBED_SWIFT_STANDARD_LIBRARIES = YES;
				ASSETCATALOG_COMPILER_APPICON_NAME = AppIcon;
				ASSETCATALOG_COMPILER_GLOBAL_ACCENT_COLOR_NAME = AccentColor;
				CODE_SIGN_ENTITLEMENTS = AppClipDemo/AppClipDemo.entitlements;
				CODE_SIGN_STYLE = Automatic;
				CURRENT_PROJECT_VERSION = 1;
				DEVELOPMENT_TEAM = S6KXDQ3765;
				GENERATE_INFOPLIST_FILE = YES;
				INFOPLIST_FILE = AppClipDemo/Info.plist;
				INFOPLIST_KEY_UIApplicationSupportsIndirectInputEvents = YES;
				INFOPLIST_KEY_UILaunchStoryboardName = LaunchScreen;
				INFOPLIST_KEY_UIMainStoryboardFile = Main;
				INFOPLIST_KEY_UISupportedInterfaceOrientations_iPad = "UIInterfaceOrientationPortrait UIInterfaceOrientationPortraitUpsideDown UIInterfaceOrientationLandscapeLeft UIInterfaceOrientationLandscapeRight";
				INFOPLIST_KEY_UISupportedInterfaceOrientations_iPhone = "UIInterfaceOrientationPortrait UIInterfaceOrientationLandscapeLeft UIInterfaceOrientationLandscapeRight";
				LD_RUNPATH_SEARCH_PATHS = (
					"$(inherited)",
					"@executable_path/Frameworks",
				);
				MARKETING_VERSION = 1.0;
				PRODUCT_BUNDLE_IDENTIFIER = "com.b-In-touch.app";
				PRODUCT_NAME = "$(TARGET_NAME)";
				SWIFT_EMIT_LOC_STRINGS = YES;
				SWIFT_VERSION = 5.0;
				TARGETED_DEVICE_FAMILY = "1,2";
			};
			name = Release;
		};
		4BA395222949D5A1006AE432 /* Debug */ = {
			isa = XCBuildConfiguration;
			buildSettings = {
				ASSETCATALOG_COMPILER_APPICON_NAME = AppIcon;
				ASSETCATALOG_COMPILER_GLOBAL_ACCENT_COLOR_NAME = AccentColor;
				CODE_SIGN_ENTITLEMENTS = AppClip/AppClip.entitlements;
				CODE_SIGN_STYLE = Automatic;
				CURRENT_PROJECT_VERSION = 1;
				DEVELOPMENT_ASSET_PATHS = "\"AppClip/Preview Content\"";
				DEVELOPMENT_TEAM = S6KXDQ3765;
				ENABLE_PREVIEWS = YES;
				GENERATE_INFOPLIST_FILE = YES;
				INFOPLIST_FILE = AppClip/Info.plist;
				INFOPLIST_KEY_CFBundleDisplayName = AppClipDemo;
				INFOPLIST_KEY_UIApplicationSceneManifest_Generation = YES;
				INFOPLIST_KEY_UIApplicationSupportsIndirectInputEvents = YES;
				INFOPLIST_KEY_UILaunchScreen_Generation = YES;
				INFOPLIST_KEY_UISupportedInterfaceOrientations_iPad = "UIInterfaceOrientationPortrait UIInterfaceOrientationPortraitUpsideDown UIInterfaceOrientationLandscapeLeft UIInterfaceOrientationLandscapeRight";
				INFOPLIST_KEY_UISupportedInterfaceOrientations_iPhone = "UIInterfaceOrientationPortrait UIInterfaceOrientationLandscapeLeft UIInterfaceOrientationLandscapeRight";
				LD_RUNPATH_SEARCH_PATHS = (
					"$(inherited)",
					"@executable_path/Frameworks",
				);
				MARKETING_VERSION = 1.0;
				PRODUCT_BUNDLE_IDENTIFIER = "com.b-In-touch.app.Clip";
				PRODUCT_NAME = "$(TARGET_NAME)";
				SWIFT_EMIT_LOC_STRINGS = YES;
				SWIFT_VERSION = 5.0;
				TARGETED_DEVICE_FAMILY = "1,2";
			};
			name = Debug;
		};
		4BA395232949D5A1006AE432 /* Release */ = {
			isa = XCBuildConfiguration;
			buildSettings = {
				ASSETCATALOG_COMPILER_APPICON_NAME = AppIcon;
				ASSETCATALOG_COMPILER_GLOBAL_ACCENT_COLOR_NAME = AccentColor;
				CODE_SIGN_ENTITLEMENTS = AppClip/AppClip.entitlements;
				CODE_SIGN_STYLE = Automatic;
				CURRENT_PROJECT_VERSION = 1;
				DEVELOPMENT_ASSET_PATHS = "\"AppClip/Preview Content\"";
				DEVELOPMENT_TEAM = S6KXDQ3765;
				ENABLE_PREVIEWS = YES;
				GENERATE_INFOPLIST_FILE = YES;
				INFOPLIST_FILE = AppClip/Info.plist;
				INFOPLIST_KEY_CFBundleDisplayName = AppClipDemo;
				INFOPLIST_KEY_UIApplicationSceneManifest_Generation = YES;
				INFOPLIST_KEY_UIApplicationSupportsIndirectInputEvents = YES;
				INFOPLIST_KEY_UILaunchScreen_Generation = YES;
				INFOPLIST_KEY_UISupportedInterfaceOrientations_iPad = "UIInterfaceOrientationPortrait UIInterfaceOrientationPortraitUpsideDown UIInterfaceOrientationLandscapeLeft UIInterfaceOrientationLandscapeRight";
				INFOPLIST_KEY_UISupportedInterfaceOrientations_iPhone = "UIInterfaceOrientationPortrait UIInterfaceOrientationLandscapeLeft UIInterfaceOrientationLandscapeRight";
				LD_RUNPATH_SEARCH_PATHS = (
					"$(inherited)",
					"@executable_path/Frameworks",
				);
				MARKETING_VERSION = 1.0;
				PRODUCT_BUNDLE_IDENTIFIER = "com.b-In-touch.app.Clip";
				PRODUCT_NAME = "$(TARGET_NAME)";
				SWIFT_EMIT_LOC_STRINGS = YES;
				SWIFT_VERSION = 5.0;
				TARGETED_DEVICE_FAMILY = "1,2";
			};
			name = Release;
		};
/* End XCBuildConfiguration section */

/* Begin XCConfigurationList section */
		4BA394B82949B332006AE432 /* Build configuration list for PBXProject "AppClipDemo" */ = {
			isa = XCConfigurationList;
			buildConfigurations = (
				4BA394CF2949B332006AE432 /* Debug */,
				4BA394D02949B332006AE432 /* Release */,
			);
			defaultConfigurationIsVisible = 0;
			defaultConfigurationName = Release;
		};
		4BA394D12949B332006AE432 /* Build configuration list for PBXNativeTarget "AppClipDemo" */ = {
			isa = XCConfigurationList;
			buildConfigurations = (
				4BA394D22949B332006AE432 /* Debug */,
				4BA394D32949B332006AE432 /* Release */,
			);
			defaultConfigurationIsVisible = 0;
			defaultConfigurationName = Release;
		};
		4BA395212949D5A1006AE432 /* Build configuration list for PBXNativeTarget "AppClip" */ = {
			isa = XCConfigurationList;
			buildConfigurations = (
				4BA395222949D5A1006AE432 /* Debug */,
				4BA395232949D5A1006AE432 /* Release */,
			);
			defaultConfigurationIsVisible = 0;
			defaultConfigurationName = Release;
		};
/* End XCConfigurationList section */
	};
	rootObject = 4BA394B52949B332006AE432 /* Project object */;
}
